
Microsoft Visual Studio Solution File, Format Version 12.00
# Visual Studio 15
VisualStudioVersion = 15.0.28307.902
MinimumVisualStudioVersion = 10.0.40219.1
Project("{FAE04EC0-301F-11D3-BF4B-00C04F79EFBC}") = "BridgePattern", "BridgePattern\BridgePattern.csproj", "{E3FEE113-1F59-4B78-9A74-5A2176218EA6}"
EndProject
Project("{FAE04EC0-301F-11D3-BF4B-00C04F79EFBC}") = "BuilderPattern", "BuilderPattern\BuilderPattern.csproj", "{657D287B-5D38-40B9-99AA-B1B5D200D1CA}"
EndProject
Project("{FAE04EC0-301F-11D3-BF4B-00C04F79EFBC}") = "ChainOfResponsibility", "ChainOfResponsibility\ChainOfResponsibility.csproj", "{B3AED63C-DDBD-4EF7-97B0-99597EE20608}"
EndProject
Project("{FAE04EC0-301F-11D3-BF4B-00C04F79EFBC}") = "CommandPattern", "CommandPattern\CommandPattern.csproj", "{1888C130-EF6C-4525-8212-7DE72E38750C}"
EndProject
Project("{FAE04EC0-301F-11D3-BF4B-00C04F79EFBC}") = "CompositePattern", "CompositePattern\CompositePattern.csproj", "{2D15B8F7-6B33-4382-91EE-85CE35AA2518}"
EndProject
Project("{FAE04EC0-301F-11D3-BF4B-00C04F79EFBC}") = "DecoratorPattern", "DecoratorPattern\DecoratorPattern.csproj", "{06D73215-35FD-45EB-83BB-6ADEF5976B30}"
EndProject
Project("{FAE04EC0-301F-11D3-BF4B-00C04F79EFBC}") = "EventAggregatorPattern", "EventAggregatorPattern\EventAggregatorPattern.csproj", "{114F4DBD-9720-44AB-AE8D-38BF37BD7B2B}"
EndProject
Project("{FAE04EC0-301F-11D3-BF4B-00C04F79EFBC}") = "FlyweightPattern", "FlyweightPattern\FlyweightPattern.csproj", "{B48254EF-4A39-4FC7-9B5D-CF52630D588A}"
EndProject
Project("{FAE04EC0-301F-11D3-BF4B-00C04F79EFBC}") = "AdapterPattern", "AdapterPattern\AdapterPattern.csproj", "{2F03812A-6A06-4DCC-91A4-A8C69CF7D78C}"
EndProject
Project("{FAE04EC0-301F-11D3-BF4B-00C04F79EFBC}") = "MementoPattern", "MementoPattern\MementoPattern.csproj", "{0FB3B406-416B-41D5-803C-A19A631DE858}"
EndProject
Project("{9A19103F-16F7-4668-BE54-9A1E7A4F7556}") = "MediatorPattern", "MediatorPattern\MediatorPattern.csproj", "{9F3F7295-9220-46E9-B1BB-EA10136FE796}"
EndProject
Project("{FAE04EC0-301F-11D3-BF4B-00C04F79EFBC}") = "StrategyPattern", "StrategyPattern\StrategyPattern.csproj", "{3AA9C370-3ED5-420C-A62E-8168EEDB3D07}"
EndProject
Global
	GlobalSection(SolutionConfigurationPlatforms) = preSolution
		Debug|Any CPU = Debug|Any CPU
		Release|Any CPU = Release|Any CPU
	EndGlobalSection
	GlobalSection(ProjectConfigurationPlatforms) = postSolution
		{E3FEE113-1F59-4B78-9A74-5A2176218EA6}.Debug|Any CPU.ActiveCfg = Debug|Any CPU
		{E3FEE113-1F59-4B78-9A74-5A2176218EA6}.Debug|Any CPU.Build.0 = Debug|Any CPU
		{E3FEE113-1F59-4B78-9A74-5A2176218EA6}.Release|Any CPU.ActiveCfg = Release|Any CPU
		{E3FEE113-1F59-4B78-9A74-5A2176218EA6}.Release|Any CPU.Build.0 = Release|Any CPU
		{657D287B-5D38-40B9-99AA-B1B5D200D1CA}.Debug|Any CPU.ActiveCfg = Debug|Any CPU
		{657D287B-5D38-40B9-99AA-B1B5D200D1CA}.Debug|Any CPU.Build.0 = Debug|Any CPU
		{657D287B-5D38-40B9-99AA-B1B5D200D1CA}.Release|Any CPU.ActiveCfg = Release|Any CPU
		{657D287B-5D38-40B9-99AA-B1B5D200D1CA}.Release|Any CPU.Build.0 = Release|Any CPU
		{B3AED63C-DDBD-4EF7-97B0-99597EE20608}.Debug|Any CPU.ActiveCfg = Debug|Any CPU
		{B3AED63C-DDBD-4EF7-97B0-99597EE20608}.Debug|Any CPU.Build.0 = Debug|Any CPU
		{B3AED63C-DDBD-4EF7-97B0-99597EE20608}.Release|Any CPU.ActiveCfg = Release|Any CPU
		{B3AED63C-DDBD-4EF7-97B0-99597EE20608}.Release|Any CPU.Build.0 = Release|Any CPU
		{1888C130-EF6C-4525-8212-7DE72E38750C}.Debug|Any CPU.ActiveCfg = Debug|Any CPU
		{1888C130-EF6C-4525-8212-7DE72E38750C}.Debug|Any CPU.Build.0 = Debug|Any CPU
		{1888C130-EF6C-4525-8212-7DE72E38750C}.Release|Any CPU.ActiveCfg = Release|Any CPU
		{1888C130-EF6C-4525-8212-7DE72E38750C}.Release|Any CPU.Build.0 = Release|Any CPU
		{2D15B8F7-6B33-4382-91EE-85CE35AA2518}.Debug|Any CPU.ActiveCfg = Debug|Any CPU
		{2D15B8F7-6B33-4382-91EE-85CE35AA2518}.Debug|Any CPU.Build.0 = Debug|Any CPU
		{2D15B8F7-6B33-4382-91EE-85CE35AA2518}.Release|Any CPU.ActiveCfg = Release|Any CPU
		{2D15B8F7-6B33-4382-91EE-85CE35AA2518}.Release|Any CPU.Build.0 = Release|Any CPU
		{06D73215-35FD-45EB-83BB-6ADEF5976B30}.Debug|Any CPU.ActiveCfg = Debug|Any CPU
		{06D73215-35FD-45EB-83BB-6ADEF5976B30}.Debug|Any CPU.Build.0 = Debug|Any CPU
		{06D73215-35FD-45EB-83BB-6ADEF5976B30}.Release|Any CPU.ActiveCfg = Release|Any CPU
		{06D73215-35FD-45EB-83BB-6ADEF5976B30}.Release|Any CPU.Build.0 = Release|Any CPU
		{114F4DBD-9720-44AB-AE8D-38BF37BD7B2B}.Debug|Any CPU.ActiveCfg = Debug|Any CPU
		{114F4DBD-9720-44AB-AE8D-38BF37BD7B2B}.Debug|Any CPU.Build.0 = Debug|Any CPU
		{114F4DBD-9720-44AB-AE8D-38BF37BD7B2B}.Release|Any CPU.ActiveCfg = Release|Any CPU
		{114F4DBD-9720-44AB-AE8D-38BF37BD7B2B}.Release|Any CPU.Build.0 = Release|Any CPU
		{B48254EF-4A39-4FC7-9B5D-CF52630D588A}.Debug|Any CPU.ActiveCfg = Debug|Any CPU
		{B48254EF-4A39-4FC7-9B5D-CF52630D588A}.Debug|Any CPU.Build.0 = Debug|Any CPU
		{B48254EF-4A39-4FC7-9B5D-CF52630D588A}.Release|Any CPU.ActiveCfg = Release|Any CPU
		{B48254EF-4A39-4FC7-9B5D-CF52630D588A}.Release|Any CPU.Build.0 = Release|Any CPU
		{2F03812A-6A06-4DCC-91A4-A8C69CF7D78C}.Debug|Any CPU.ActiveCfg = Debug|Any CPU
		{2F03812A-6A06-4DCC-91A4-A8C69CF7D78C}.Debug|Any CPU.Build.0 = Debug|Any CPU
		{2F03812A-6A06-4DCC-91A4-A8C69CF7D78C}.Release|Any CPU.ActiveCfg = Release|Any CPU
		{2F03812A-6A06-4DCC-91A4-A8C69CF7D78C}.Release|Any CPU.Build.0 = Release|Any CPU
		{0FB3B406-416B-41D5-803C-A19A631DE858}.Debug|Any CPU.ActiveCfg = Debug|Any CPU
		{0FB3B406-416B-41D5-803C-A19A631DE858}.Debug|Any CPU.Build.0 = Debug|Any CPU
		{0FB3B406-416B-41D5-803C-A19A631DE858}.Release|Any CPU.ActiveCfg = Release|Any CPU
		{0FB3B406-416B-41D5-803C-A19A631DE858}.Release|Any CPU.Build.0 = Release|Any CPU
		{9F3F7295-9220-46E9-B1BB-EA10136FE796}.Debug|Any CPU.ActiveCfg = Debug|Any CPU
		{9F3F7295-9220-46E9-B1BB-EA10136FE796}.Debug|Any CPU.Build.0 = Debug|Any CPU
		{9F3F7295-9220-46E9-B1BB-EA10136FE796}.Release|Any CPU.ActiveCfg = Release|Any CPU
		{9F3F7295-9220-46E9-B1BB-EA10136FE796}.Release|Any CPU.Build.0 = Release|Any CPU
		{3AA9C370-3ED5-420C-A62E-8168EEDB3D07}.Debug|Any CPU.ActiveCfg = Debug|Any CPU
		{3AA9C370-3ED5-420C-A62E-8168EEDB3D07}.Debug|Any CPU.Build.0 = Debug|Any CPU
		{3AA9C370-3ED5-420C-A62E-8168EEDB3D07}.Release|Any CPU.ActiveCfg = Release|Any CPU
		{3AA9C370-3ED5-420C-A62E-8168EEDB3D07}.Release|Any CPU.Build.0 = Release|Any CPU
	EndGlobalSection
	GlobalSection(SolutionProperties) = preSolution
		HideSolutionNode = FALSE
	EndGlobalSection
	GlobalSection(ExtensibilityGlobals) = postSolution
		SolutionGuid = {CED5347E-4313-40FA-A8A9-7361F597C8A8}
	EndGlobalSection
EndGlobal
